<?xml version="1.0" encoding="utf-8"?>
<Project ToolsVersion="4.0" xmlns="http://schemas.microsoft.com/developer/msbuild/2003">
  <ItemGroup>
    <Filter Include="ソース ファイル">
      <UniqueIdentifier>{4FC737F1-C7A5-4376-A066-2A32D752A2FF}</UniqueIdentifier>
      <Extensions>cpp;c;cc;cxx;c++;cppm;ixx;def;odl;idl;hpj;bat;asm;asmx</Extensions>
    </Filter>
    <Filter Include="ヘッダー ファイル">
      <UniqueIdentifier>{93995380-89BD-4b04-88EB-625FBE52EBFB}</UniqueIdentifier>
      <Extensions>h;hh;hpp;hxx;h++;hm;inl;inc;ipp;xsd</Extensions>
    </Filter>
    <Filter Include="リソース ファイル">
      <UniqueIdentifier>{67DA6AB6-F800-4c08-8B7A-83BB121AAD01}</UniqueIdentifier>
      <Extensions>rc;ico;cur;bmp;dlg;rc2;rct;bin;rgs;gif;jpg;jpeg;jpe;resx;tiff;tif;png;wav;mfcribbon-ms</Extensions>
    </Filter>
    <Filter Include="ヘッダー ファイル\DxEngine">
      <UniqueIdentifier>{0baf40ed-cb01-4df0-9f88-5e67ecf5aa96}</UniqueIdentifier>
    </Filter>
    <Filter Include="ソース ファイル\DxEngine">
      <UniqueIdentifier>{fd610061-c93d-473d-a432-19ba1e639304}</UniqueIdentifier>
    </Filter>
    <Filter Include="ヘッダー ファイル\Mover">
      <UniqueIdentifier>{ecdc26da-d3bc-4d52-a869-d1f344dfe443}</UniqueIdentifier>
    </Filter>
    <Filter Include="ソース ファイル\Mover">
      <UniqueIdentifier>{b06308b8-f165-486d-b63f-ec3515e89e22}</UniqueIdentifier>
    </Filter>
    <Filter Include="ソース ファイル\Mover\Bullet">
      <UniqueIdentifier>{53a71ac0-f1e1-45a1-8205-7cfb1d02ffa6}</UniqueIdentifier>
    </Filter>
    <Filter Include="ヘッダー ファイル\Mover\Bullet">
      <UniqueIdentifier>{724fc51d-37be-452a-a4a2-2949e17ba7c0}</UniqueIdentifier>
    </Filter>
    <Filter Include="ヘッダー ファイル\input">
      <UniqueIdentifier>{fb8e053c-7769-416a-b4cc-c725b6905299}</UniqueIdentifier>
    </Filter>
    <Filter Include="ソース ファイル\input">
      <UniqueIdentifier>{f822f828-6637-4253-ae01-46ae57563993}</UniqueIdentifier>
    </Filter>
    <Filter Include="ソース ファイル\Effect">
      <UniqueIdentifier>{9c39d005-129f-4127-9f02-2cab368f5979}</UniqueIdentifier>
    </Filter>
    <Filter Include="ヘッダー ファイル\Effect">
      <UniqueIdentifier>{1f4495f1-e918-4b22-8611-28458198d82f}</UniqueIdentifier>
    </Filter>
    <Filter Include="ヘッダー ファイル\Util">
      <UniqueIdentifier>{4e678e0f-f7f1-4238-aac0-f3f687fa9fb7}</UniqueIdentifier>
    </Filter>
    <Filter Include="ソース ファイル\Util">
      <UniqueIdentifier>{97faa1fc-f304-4179-a405-2f99d53d3ade}</UniqueIdentifier>
    </Filter>
    <Filter Include="ヘッダー ファイル\Mover\Enemy">
      <UniqueIdentifier>{7ff487f8-38ef-4801-8fa9-bd34269a6a6e}</UniqueIdentifier>
    </Filter>
    <Filter Include="ソース ファイル\Mover\Enemy">
      <UniqueIdentifier>{a0c4bea4-8de0-4810-97ff-e9d351561654}</UniqueIdentifier>
    </Filter>
  </ItemGroup>
  <ItemGroup>
    <ClCompile Include="main.cpp">
      <Filter>ソース ファイル</Filter>
    </ClCompile>
    <ClCompile Include="App.cpp">
      <Filter>ソース ファイル</Filter>
    </ClCompile>
    <ClCompile Include="Engine.cpp">
      <Filter>ソース ファイル\DxEngine</Filter>
    </ClCompile>
    <ClCompile Include="DxGraphic.cpp">
      <Filter>ソース ファイル\DxEngine</Filter>
    </ClCompile>
    <ClCompile Include="Composit.cpp">
      <Filter>ソース ファイル</Filter>
    </ClCompile>
    <ClCompile Include="BulletBase.cpp">
      <Filter>ソース ファイル\Mover\Bullet</Filter>
    </ClCompile>
    <ClCompile Include="Stage.cpp">
      <Filter>ソース ファイル</Filter>
    </ClCompile>
    <ClCompile Include="MoverManager.cpp">
      <Filter>ソース ファイル\Mover</Filter>
    </ClCompile>
    <ClCompile Include="BulletReflect.cpp">
      <Filter>ソース ファイル\Mover\Bullet</Filter>
    </ClCompile>
    <ClCompile Include="CKeyInputManager.cpp">
      <Filter>ソース ファイル\input</Filter>
    </ClCompile>
    <ClCompile Include="CSTGInputManager.cpp">
      <Filter>ソース ファイル\input</Filter>
    </ClCompile>
    <ClCompile Include="CVector.cpp">
      <Filter>ソース ファイル</Filter>
    </ClCompile>
    <ClCompile Include="CControllerFactory.cpp">
      <Filter>ソース ファイル</Filter>
    </ClCompile>
    <ClCompile Include="CEffect.cpp">
      <Filter>ソース ファイル\Effect</Filter>
    </ClCompile>
    <ClCompile Include="CEffect_BulletDelete.cpp">
      <Filter>ソース ファイル\Effect</Filter>
    </ClCompile>
    <ClCompile Include="CEffectParent.cpp">
      <Filter>ソース ファイル\Effect</Filter>
    </ClCompile>
    <ClCompile Include="Player.cpp">
      <Filter>ソース ファイル\Mover</Filter>
    </ClCompile>
    <ClCompile Include="BulletAccel.cpp">
      <Filter>ソース ファイル\Mover\Bullet</Filter>
    </ClCompile>
    <ClCompile Include="BulletAccelReflect.cpp">
      <Filter>ソース ファイル\Mover\Bullet</Filter>
    </ClCompile>
    <ClCompile Include="Random.cpp">
      <Filter>ソース ファイル\Util</Filter>
    </ClCompile>
    <ClCompile Include="Mover.cpp">
      <Filter>ソース ファイル</Filter>
    </ClCompile>
    <ClCompile Include="CEffect_BulletBorn.cpp">
      <Filter>ソース ファイル\Effect</Filter>
    </ClCompile>
  </ItemGroup>
  <ItemGroup>
    <FxCompile Include="BasicVertexShader.hlsl">
      <Filter>リソース ファイル</Filter>
    </FxCompile>
    <FxCompile Include="BasicPixelShader.hlsl">
      <Filter>リソース ファイル</Filter>
    </FxCompile>
  </ItemGroup>
  <ItemGroup>
    <None Include="packages.config" />
    <None Include="BasicShaderHeader.hlsli">
      <Filter>リソース ファイル</Filter>
    </None>
  </ItemGroup>
  <ItemGroup>
    <ClInclude Include="App.h">
      <Filter>ヘッダー ファイル</Filter>
    </ClInclude>
    <ClInclude Include="Engine.h">
      <Filter>ヘッダー ファイル\DxEngine</Filter>
    </ClInclude>
    <ClInclude Include="DxGraphic.h">
      <Filter>ヘッダー ファイル\DxEngine</Filter>
    </ClInclude>
    <ClInclude Include="Composit.h">
      <Filter>ヘッダー ファイル</Filter>
    </ClInclude>
    <ClInclude Include="Scene.h">
      <Filter>ヘッダー ファイル</Filter>
    </ClInclude>
    <ClInclude Include="Stage.h">
      <Filter>ヘッダー ファイル</Filter>
    </ClInclude>
    <ClInclude Include="BulletBase.h">
      <Filter>ヘッダー ファイル\Mover\Bullet</Filter>
    </ClInclude>
    <ClInclude Include="Constant.h">
      <Filter>ヘッダー ファイル</Filter>
    </ClInclude>
    <ClInclude Include="MoverManager.h">
      <Filter>ヘッダー ファイル\Mover</Filter>
    </ClInclude>
    <ClInclude Include="Mover.h">
      <Filter>ヘッダー ファイル\Mover</Filter>
    </ClInclude>
    <ClInclude Include="BulletReflect.h">
      <Filter>ヘッダー ファイル\Mover\Bullet</Filter>
    </ClInclude>
    <ClInclude Include="CKeyInputManager.h">
      <Filter>ヘッダー ファイル\input</Filter>
    </ClInclude>
    <ClInclude Include="CSTGInputManager.h">
      <Filter>ヘッダー ファイル\input</Filter>
    </ClInclude>
    <ClInclude Include="CControllerFactory.h">
      <Filter>ヘッダー ファイル</Filter>
    </ClInclude>
    <ClInclude Include="CEffect.h">
      <Filter>ヘッダー ファイル\Effect</Filter>
    </ClInclude>
    <ClInclude Include="CEffect_BulletDelete.h">
      <Filter>ヘッダー ファイル\Effect</Filter>
    </ClInclude>
    <ClInclude Include="CEffectParent.h">
      <Filter>ヘッダー ファイル\Effect</Filter>
    </ClInclude>
    <ClInclude Include="Player.h">
      <Filter>ヘッダー ファイル\Mover</Filter>
    </ClInclude>
    <ClInclude Include="BulletAccel.h">
      <Filter>ヘッダー ファイル\Mover\Bullet</Filter>
    </ClInclude>
    <ClInclude Include="BulletAccelReflect.h">
      <Filter>ヘッダー ファイル\Mover\Bullet</Filter>
    </ClInclude>
    <ClInclude Include="CVector.h">
      <Filter>ヘッダー ファイル\Util</Filter>
    </ClInclude>
    <ClInclude Include="Fps.h">
      <Filter>ヘッダー ファイル\Util</Filter>
    </ClInclude>
    <ClInclude Include="Singleton.h">
      <Filter>ヘッダー ファイル\Util</Filter>
    </ClInclude>
    <ClInclude Include="Random.h">
      <Filter>ヘッダー ファイル\Util</Filter>
    </ClInclude>
    <ClInclude Include="CEffect_BulletBorn.h">
      <Filter>ヘッダー ファイル\Effect</Filter>
    </ClInclude>
    <ClInclude Include="EnemyBase.h">
      <Filter>ヘッダー ファイル\Mover\Enemy</Filter>
    </ClInclude>
    <ClInclude Include="EnemyMoverInterface.h">
      <Filter>ヘッダー ファイル\Mover\Enemy</Filter>
    </ClInclude>
  </ItemGroup>
</Project>